
Microsoft Visual Studio Solution File, Format Version 12.00
# Visual Studio Version 17
VisualStudioVersion = 17.14.36511.14 d17.14
MinimumVisualStudioVersion = 10.0.40219.1
Project("{FAE04EC0-301F-11D3-BF4B-00C04F79EFBC}") = "Examen", "Examen\Examen\Examen.csproj", "{2C8F2713-B5CB-43E1-8462-05666E5BC21B}"
EndProject
Project("{FAE04EC0-301F-11D3-BF4B-00C04F79EFBC}") = "Examen.Client", "Examen\Examen.Client\Examen.Client.csproj", "{89CE6927-167B-4AE9-BDA5-6C5EA68D48B7}"
EndProject
Global
	GlobalSection(SolutionConfigurationPlatforms) = preSolution
		Debug|Any CPU = Debug|Any CPU
		Release|Any CPU = Release|Any CPU
	EndGlobalSection
	GlobalSection(ProjectConfigurationPlatforms) = postSolution
		{2C8F2713-B5CB-43E1-8462-05666E5BC21B}.Debug|Any CPU.ActiveCfg = Debug|Any CPU
		{2C8F2713-B5CB-43E1-8462-05666E5BC21B}.Debug|Any CPU.Build.0 = Debug|Any CPU
		{2C8F2713-B5CB-43E1-8462-05666E5BC21B}.Release|Any CPU.ActiveCfg = Release|Any CPU
		{2C8F2713-B5CB-43E1-8462-05666E5BC21B}.Release|Any CPU.Build.0 = Release|Any CPU
		{89CE6927-167B-4AE9-BDA5-6C5EA68D48B7}.Debug|Any CPU.ActiveCfg = Debug|Any CPU
		{89CE6927-167B-4AE9-BDA5-6C5EA68D48B7}.Debug|Any CPU.Build.0 = Debug|Any CPU
		{89CE6927-167B-4AE9-BDA5-6C5EA68D48B7}.Release|Any CPU.ActiveCfg = Release|Any CPU
		{89CE6927-167B-4AE9-BDA5-6C5EA68D48B7}.Release|Any CPU.Build.0 = Release|Any CPU
	EndGlobalSection
	GlobalSection(SolutionProperties) = preSolution
		HideSolutionNode = FALSE
	EndGlobalSection
	GlobalSection(ExtensibilityGlobals) = postSolution
		SolutionGuid = {1F3473A8-E6D0-43E7-A4BB-8AE1BAD3A93C}
	EndGlobalSection
EndGlobal
